
Microsoft Visual Studio Solution File, Format Version 12.00
# Visual Studio Version 17
VisualStudioVersion = 17.0.31903.59
MinimumVisualStudioVersion = 10.0.40219.1
Project("{2150E333-8FDC-42A3-9474-1A3956D46DE8}") = "samples", "samples", "{5D20AA90-6969-D8BD-9DCD-8634F4692FDA}"
EndProject
Project("{FAE04EC0-301F-11D3-BF4B-00C04F79EFBC}") = "SampleWpfApp", "samples\SampleWpfApp\SampleWpfApp.csproj", "{CDE480D6-55C2-4A6F-8355-35AD938B8169}"
EndProject
Project("{2150E333-8FDC-42A3-9474-1A3956D46DE8}") = "src", "src", "{827E0CD3-B72D-47B6-A68D-7590B98EB39B}"
EndProject
Project("{FAE04EC0-301F-11D3-BF4B-00C04F79EFBC}") = "SnoopMCP.Protocol", "src\SnoopMCP.Protocol\SnoopMCP.Protocol.csproj", "{25C6A000-8140-45D5-8F48-93D4EF7BCD54}"
EndProject
Project("{2150E333-8FDC-42A3-9474-1A3956D46DE8}") = "tests", "tests", "{0AB3BF05-4346-4AA6-1389-037BE0695223}"
EndProject
Project("{FAE04EC0-301F-11D3-BF4B-00C04F79EFBC}") = "SnoopMCP.Protocol.Tests", "tests\SnoopMCP.Protocol.Tests\SnoopMCP.Protocol.Tests.csproj", "{19E411FE-08F9-4898-A66A-E954711D35E8}"
EndProject
Project("{FAE04EC0-301F-11D3-BF4B-00C04F79EFBC}") = "SnoopMCP.Payload", "src\SnoopMCP.Payload\SnoopMCP.Payload.csproj", "{3268EE72-98D3-4C66-9858-876BDD33BE2D}"
EndProject
Project("{FAE04EC0-301F-11D3-BF4B-00C04F79EFBC}") = "SnoopMCP.Payload.Tests", "tests\SnoopMCP.Payload.Tests\SnoopMCP.Payload.Tests.csproj", "{F8D70E39-FC7C-4461-9CC6-E1C94D691E0B}"
EndProject
Project("{FAE04EC0-301F-11D3-BF4B-00C04F79EFBC}") = "SnoopMCP.Host", "src\SnoopMCP.Host\SnoopMCP.Host.csproj", "{7C09B440-435E-4B0A-A857-3E3438BCC9A2}"
EndProject
Project("{FAE04EC0-301F-11D3-BF4B-00C04F79EFBC}") = "SnoopMCP.Host.Tests", "tests\SnoopMCP.Host.Tests\SnoopMCP.Host.Tests.csproj", "{47F5E77F-31DB-409E-82BD-06466B5981CB}"
EndProject
Project("{FAE04EC0-301F-11D3-BF4B-00C04F79EFBC}") = "SnoopMCP.Injection", "src\SnoopMCP.Injection\SnoopMCP.Injection.csproj", "{CEE244F2-BA1B-4BB4-AA21-E041D39D868B}"
EndProject
Project("{FAE04EC0-301F-11D3-BF4B-00C04F79EFBC}") = "SnoopMCP.IntegrationTests", "tests\SnoopMCP.IntegrationTests\SnoopMCP.IntegrationTests.csproj", "{EEA44D55-D33C-4A25-9754-35DDB6D58099}"
EndProject
Project("{FAE04EC0-301F-11D3-BF4B-00C04F79EFBC}") = "SnoopMCP.ClientIntegration", "src\SnoopMCP.ClientIntegration\SnoopMCP.ClientIntegration.csproj", "{FD0D698B-2B89-4281-BA43-591E6DCFBE0B}"
EndProject
Project("{FAE04EC0-301F-11D3-BF4B-00C04F79EFBC}") = "SnoopMCP.ClientIntegration.Tests", "tests\SnoopMCP.ClientIntegration.Tests\SnoopMCP.ClientIntegration.Tests.csproj", "{B9E77BE8-D339-4C28-9F57-059D7A8FA297}"
EndProject
Project("{FAE04EC0-301F-11D3-BF4B-00C04F79EFBC}") = "SnoopMCP.Cli", "src\SnoopMCP.Cli\SnoopMCP.Cli.csproj", "{382B4CA7-DA28-4E0C-B4F2-389FCCB1DFE4}"
EndProject
Project("{FAE04EC0-301F-11D3-BF4B-00C04F79EFBC}") = "SnoopMCP.Cli.Tests", "tests\SnoopMCP.Cli.Tests\SnoopMCP.Cli.Tests.csproj", "{3153F34D-8097-4E1D-8A85-4C48AD3BA9E2}"
EndProject
Project("{FAE04EC0-301F-11D3-BF4B-00C04F79EFBC}") = "SnoopMCP.Server", "src\SnoopMCP.Server\SnoopMCP.Server.csproj", "{4EB3BA86-9B17-4352-A7F2-C8CABBC161B1}"
EndProject
Global
	GlobalSection(SolutionConfigurationPlatforms) = preSolution
		Debug|Any CPU = Debug|Any CPU
		Debug|x64 = Debug|x64
		Debug|x86 = Debug|x86
		Release|Any CPU = Release|Any CPU
		Release|x64 = Release|x64
		Release|x86 = Release|x86
	EndGlobalSection
	GlobalSection(ProjectConfigurationPlatforms) = postSolution
		{CDE480D6-55C2-4A6F-8355-35AD938B8169}.Debug|Any CPU.ActiveCfg = Debug|Any CPU
		{CDE480D6-55C2-4A6F-8355-35AD938B8169}.Debug|Any CPU.Build.0 = Debug|Any CPU
		{CDE480D6-55C2-4A6F-8355-35AD938B8169}.Debug|x64.ActiveCfg = Debug|Any CPU
		{CDE480D6-55C2-4A6F-8355-35AD938B8169}.Debug|x64.Build.0 = Debug|Any CPU
		{CDE480D6-55C2-4A6F-8355-35AD938B8169}.Debug|x86.ActiveCfg = Debug|Any CPU
		{CDE480D6-55C2-4A6F-8355-35AD938B8169}.Debug|x86.Build.0 = Debug|Any CPU
		{CDE480D6-55C2-4A6F-8355-35AD938B8169}.Release|Any CPU.ActiveCfg = Release|Any CPU
		{CDE480D6-55C2-4A6F-8355-35AD938B8169}.Release|Any CPU.Build.0 = Release|Any CPU
		{CDE480D6-55C2-4A6F-8355-35AD938B8169}.Release|x64.ActiveCfg = Release|Any CPU
		{CDE480D6-55C2-4A6F-8355-35AD938B8169}.Release|x64.Build.0 = Release|Any CPU
		{CDE480D6-55C2-4A6F-8355-35AD938B8169}.Release|x86.ActiveCfg = Release|Any CPU
		{CDE480D6-55C2-4A6F-8355-35AD938B8169}.Release|x86.Build.0 = Release|Any CPU
		{25C6A000-8140-45D5-8F48-93D4EF7BCD54}.Debug|Any CPU.ActiveCfg = Debug|Any CPU
		{25C6A000-8140-45D5-8F48-93D4EF7BCD54}.Debug|Any CPU.Build.0 = Debug|Any CPU
		{25C6A000-8140-45D5-8F48-93D4EF7BCD54}.Debug|x64.ActiveCfg = Debug|Any CPU
		{25C6A000-8140-45D5-8F48-93D4EF7BCD54}.Debug|x64.Build.0 = Debug|Any CPU
		{25C6A000-8140-45D5-8F48-93D4EF7BCD54}.Debug|x86.ActiveCfg = Debug|Any CPU
		{25C6A000-8140-45D5-8F48-93D4EF7BCD54}.Debug|x86.Build.0 = Debug|Any CPU
		{25C6A000-8140-45D5-8F48-93D4EF7BCD54}.Release|Any CPU.ActiveCfg = Release|Any CPU
		{25C6A000-8140-45D5-8F48-93D4EF7BCD54}.Release|Any CPU.Build.0 = Release|Any CPU
		{25C6A000-8140-45D5-8F48-93D4EF7BCD54}.Release|x64.ActiveCfg = Release|Any CPU
		{25C6A000-8140-45D5-8F48-93D4EF7BCD54}.Release|x64.Build.0 = Release|Any CPU
		{25C6A000-8140-45D5-8F48-93D4EF7BCD54}.Release|x86.ActiveCfg = Release|Any CPU
		{25C6A000-8140-45D5-8F48-93D4EF7BCD54}.Release|x86.Build.0 = Release|Any CPU
		{19E411FE-08F9-4898-A66A-E954711D35E8}.Debug|Any CPU.ActiveCfg = Debug|Any CPU
		{19E411FE-08F9-4898-A66A-E954711D35E8}.Debug|Any CPU.Build.0 = Debug|Any CPU
		{19E411FE-08F9-4898-A66A-E954711D35E8}.Debug|x64.ActiveCfg = Debug|Any CPU
		{19E411FE-08F9-4898-A66A-E954711D35E8}.Debug|x64.Build.0 = Debug|Any CPU
		{19E411FE-08F9-4898-A66A-E954711D35E8}.Debug|x86.ActiveCfg = Debug|Any CPU
		{19E411FE-08F9-4898-A66A-E954711D35E8}.Debug|x86.Build.0 = Debug|Any CPU
		{19E411FE-08F9-4898-A66A-E954711D35E8}.Release|Any CPU.ActiveCfg = Release|Any CPU
		{19E411FE-08F9-4898-A66A-E954711D35E8}.Release|Any CPU.Build.0 = Release|Any CPU
		{19E411FE-08F9-4898-A66A-E954711D35E8}.Release|x64.ActiveCfg = Release|Any CPU
		{19E411FE-08F9-4898-A66A-E954711D35E8}.Release|x64.Build.0 = Release|Any CPU
		{19E411FE-08F9-4898-A66A-E954711D35E8}.Release|x86.ActiveCfg = Release|Any CPU
		{19E411FE-08F9-4898-A66A-E954711D35E8}.Release|x86.Build.0 = Release|Any CPU
		{3268EE72-98D3-4C66-9858-876BDD33BE2D}.Debug|Any CPU.ActiveCfg = Debug|Any CPU
		{3268EE72-98D3-4C66-9858-876BDD33BE2D}.Debug|Any CPU.Build.0 = Debug|Any CPU
		{3268EE72-98D3-4C66-9858-876BDD33BE2D}.Debug|x64.ActiveCfg = Debug|Any CPU
		{3268EE72-98D3-4C66-9858-876BDD33BE2D}.Debug|x64.Build.0 = Debug|Any CPU
		{3268EE72-98D3-4C66-9858-876BDD33BE2D}.Debug|x86.ActiveCfg = Debug|Any CPU
		{3268EE72-98D3-4C66-9858-876BDD33BE2D}.Debug|x86.Build.0 = Debug|Any CPU
		{3268EE72-98D3-4C66-9858-876BDD33BE2D}.Release|Any CPU.ActiveCfg = Release|Any CPU
		{3268EE72-98D3-4C66-9858-876BDD33BE2D}.Release|Any CPU.Build.0 = Release|Any CPU
		{3268EE72-98D3-4C66-9858-876BDD33BE2D}.Release|x64.ActiveCfg = Release|Any CPU
		{3268EE72-98D3-4C66-9858-876BDD33BE2D}.Release|x64.Build.0 = Release|Any CPU
		{3268EE72-98D3-4C66-9858-876BDD33BE2D}.Release|x86.ActiveCfg = Release|Any CPU
		{3268EE72-98D3-4C66-9858-876BDD33BE2D}.Release|x86.Build.0 = Release|Any CPU
		{F8D70E39-FC7C-4461-9CC6-E1C94D691E0B}.Debug|Any CPU.ActiveCfg = Debug|Any CPU
		{F8D70E39-FC7C-4461-9CC6-E1C94D691E0B}.Debug|Any CPU.Build.0 = Debug|Any CPU
		{F8D70E39-FC7C-4461-9CC6-E1C94D691E0B}.Debug|x64.ActiveCfg = Debug|Any CPU
		{F8D70E39-FC7C-4461-9CC6-E1C94D691E0B}.Debug|x64.Build.0 = Debug|Any CPU
		{F8D70E39-FC7C-4461-9CC6-E1C94D691E0B}.Debug|x86.ActiveCfg = Debug|Any CPU
		{F8D70E39-FC7C-4461-9CC6-E1C94D691E0B}.Debug|x86.Build.0 = Debug|Any CPU
		{F8D70E39-FC7C-4461-9CC6-E1C94D691E0B}.Release|Any CPU.ActiveCfg = Release|Any CPU
		{F8D70E39-FC7C-4461-9CC6-E1C94D691E0B}.Release|Any CPU.Build.0 = Release|Any CPU
		{F8D70E39-FC7C-4461-9CC6-E1C94D691E0B}.Release|x64.ActiveCfg = Release|Any CPU
		{F8D70E39-FC7C-4461-9CC6-E1C94D691E0B}.Release|x64.Build.0 = Release|Any CPU
		{F8D70E39-FC7C-4461-9CC6-E1C94D691E0B}.Release|x86.ActiveCfg = Release|Any CPU
		{F8D70E39-FC7C-4461-9CC6-E1C94D691E0B}.Release|x86.Build.0 = Release|Any CPU
		{7C09B440-435E-4B0A-A857-3E3438BCC9A2}.Debug|Any CPU.ActiveCfg = Debug|Any CPU
		{7C09B440-435E-4B0A-A857-3E3438BCC9A2}.Debug|Any CPU.Build.0 = Debug|Any CPU
		{7C09B440-435E-4B0A-A857-3E3438BCC9A2}.Debug|x64.ActiveCfg = Debug|Any CPU
		{7C09B440-435E-4B0A-A857-3E3438BCC9A2}.Debug|x64.Build.0 = Debug|Any CPU
		{7C09B440-435E-4B0A-A857-3E3438BCC9A2}.Debug|x86.ActiveCfg = Debug|Any CPU
		{7C09B440-435E-4B0A-A857-3E3438BCC9A2}.Debug|x86.Build.0 = Debug|Any CPU
		{7C09B440-435E-4B0A-A857-3E3438BCC9A2}.Release|Any CPU.ActiveCfg = Release|Any CPU
		{7C09B440-435E-4B0A-A857-3E3438BCC9A2}.Release|Any CPU.Build.0 = Release|Any CPU
		{7C09B440-435E-4B0A-A857-3E3438BCC9A2}.Release|x64.ActiveCfg = Release|Any CPU
		{7C09B440-435E-4B0A-A857-3E3438BCC9A2}.Release|x64.Build.0 = Release|Any CPU
		{7C09B440-435E-4B0A-A857-3E3438BCC9A2}.Release|x86.ActiveCfg = Release|Any CPU
		{7C09B440-435E-4B0A-A857-3E3438BCC9A2}.Release|x86.Build.0 = Release|Any CPU
		{47F5E77F-31DB-409E-82BD-06466B5981CB}.Debug|Any CPU.ActiveCfg = Debug|Any CPU
		{47F5E77F-31DB-409E-82BD-06466B5981CB}.Debug|Any CPU.Build.0 = Debug|Any CPU
		{47F5E77F-31DB-409E-82BD-06466B5981CB}.Debug|x64.ActiveCfg = Debug|Any CPU
		{47F5E77F-31DB-409E-82BD-06466B5981CB}.Debug|x64.Build.0 = Debug|Any CPU
		{47F5E77F-31DB-409E-82BD-06466B5981CB}.Debug|x86.ActiveCfg = Debug|Any CPU
		{47F5E77F-31DB-409E-82BD-06466B5981CB}.Debug|x86.Build.0 = Debug|Any CPU
		{47F5E77F-31DB-409E-82BD-06466B5981CB}.Release|Any CPU.ActiveCfg = Release|Any CPU
		{47F5E77F-31DB-409E-82BD-06466B5981CB}.Release|Any CPU.Build.0 = Release|Any CPU
		{47F5E77F-31DB-409E-82BD-06466B5981CB}.Release|x64.ActiveCfg = Release|Any CPU
		{47F5E77F-31DB-409E-82BD-06466B5981CB}.Release|x64.Build.0 = Release|Any CPU
		{47F5E77F-31DB-409E-82BD-06466B5981CB}.Release|x86.ActiveCfg = Release|Any CPU
		{47F5E77F-31DB-409E-82BD-06466B5981CB}.Release|x86.Build.0 = Release|Any CPU
		{CEE244F2-BA1B-4BB4-AA21-E041D39D868B}.Debug|Any CPU.ActiveCfg = Debug|Any CPU
		{CEE244F2-BA1B-4BB4-AA21-E041D39D868B}.Debug|Any CPU.Build.0 = Debug|Any CPU
		{CEE244F2-BA1B-4BB4-AA21-E041D39D868B}.Debug|x64.ActiveCfg = Debug|Any CPU
		{CEE244F2-BA1B-4BB4-AA21-E041D39D868B}.Debug|x64.Build.0 = Debug|Any CPU
		{CEE244F2-BA1B-4BB4-AA21-E041D39D868B}.Debug|x86.ActiveCfg = Debug|Any CPU
		{CEE244F2-BA1B-4BB4-AA21-E041D39D868B}.Debug|x86.Build.0 = Debug|Any CPU
		{CEE244F2-BA1B-4BB4-AA21-E041D39D868B}.Release|Any CPU.ActiveCfg = Release|Any CPU
		{CEE244F2-BA1B-4BB4-AA21-E041D39D868B}.Release|Any CPU.Build.0 = Release|Any CPU
		{CEE244F2-BA1B-4BB4-AA21-E041D39D868B}.Release|x64.ActiveCfg = Release|Any CPU
		{CEE244F2-BA1B-4BB4-AA21-E041D39D868B}.Release|x64.Build.0 = Release|Any CPU
		{CEE244F2-BA1B-4BB4-AA21-E041D39D868B}.Release|x86.ActiveCfg = Release|Any CPU
		{CEE244F2-BA1B-4BB4-AA21-E041D39D868B}.Release|x86.Build.0 = Release|Any CPU
		{EEA44D55-D33C-4A25-9754-35DDB6D58099}.Debug|Any CPU.ActiveCfg = Debug|Any CPU
		{EEA44D55-D33C-4A25-9754-35DDB6D58099}.Debug|Any CPU.Build.0 = Debug|Any CPU
		{EEA44D55-D33C-4A25-9754-35DDB6D58099}.Debug|x64.ActiveCfg = Debug|Any CPU
		{EEA44D55-D33C-4A25-9754-35DDB6D58099}.Debug|x64.Build.0 = Debug|Any CPU
		{EEA44D55-D33C-4A25-9754-35DDB6D58099}.Debug|x86.ActiveCfg = Debug|Any CPU
		{EEA44D55-D33C-4A25-9754-35DDB6D58099}.Debug|x86.Build.0 = Debug|Any CPU
		{EEA44D55-D33C-4A25-9754-35DDB6D58099}.Release|Any CPU.ActiveCfg = Release|Any CPU
		{EEA44D55-D33C-4A25-9754-35DDB6D58099}.Release|Any CPU.Build.0 = Release|Any CPU
		{EEA44D55-D33C-4A25-9754-35DDB6D58099}.Release|x64.ActiveCfg = Release|Any CPU
		{EEA44D55-D33C-4A25-9754-35DDB6D58099}.Release|x64.Build.0 = Release|Any CPU
		{EEA44D55-D33C-4A25-9754-35DDB6D58099}.Release|x86.ActiveCfg = Release|Any CPU
		{EEA44D55-D33C-4A25-9754-35DDB6D58099}.Release|x86.Build.0 = Release|Any CPU
		{FD0D698B-2B89-4281-BA43-591E6DCFBE0B}.Debug|Any CPU.ActiveCfg = Debug|Any CPU
		{FD0D698B-2B89-4281-BA43-591E6DCFBE0B}.Debug|Any CPU.Build.0 = Debug|Any CPU
		{FD0D698B-2B89-4281-BA43-591E6DCFBE0B}.Debug|x64.ActiveCfg = Debug|Any CPU
		{FD0D698B-2B89-4281-BA43-591E6DCFBE0B}.Debug|x64.Build.0 = Debug|Any CPU
		{FD0D698B-2B89-4281-BA43-591E6DCFBE0B}.Debug|x86.ActiveCfg = Debug|Any CPU
		{FD0D698B-2B89-4281-BA43-591E6DCFBE0B}.Debug|x86.Build.0 = Debug|Any CPU
		{FD0D698B-2B89-4281-BA43-591E6DCFBE0B}.Release|Any CPU.ActiveCfg = Release|Any CPU
		{FD0D698B-2B89-4281-BA43-591E6DCFBE0B}.Release|Any CPU.Build.0 = Release|Any CPU
		{FD0D698B-2B89-4281-BA43-591E6DCFBE0B}.Release|x64.ActiveCfg = Release|Any CPU
		{FD0D698B-2B89-4281-BA43-591E6DCFBE0B}.Release|x64.Build.0 = Release|Any CPU
		{FD0D698B-2B89-4281-BA43-591E6DCFBE0B}.Release|x86.ActiveCfg = Release|Any CPU
		{FD0D698B-2B89-4281-BA43-591E6DCFBE0B}.Release|x86.Build.0 = Release|Any CPU
		{B9E77BE8-D339-4C28-9F57-059D7A8FA297}.Debug|Any CPU.ActiveCfg = Debug|Any CPU
		{B9E77BE8-D339-4C28-9F57-059D7A8FA297}.Debug|Any CPU.Build.0 = Debug|Any CPU
		{B9E77BE8-D339-4C28-9F57-059D7A8FA297}.Debug|x64.ActiveCfg = Debug|Any CPU
		{B9E77BE8-D339-4C28-9F57-059D7A8FA297}.Debug|x64.Build.0 = Debug|Any CPU
		{B9E77BE8-D339-4C28-9F57-059D7A8FA297}.Debug|x86.ActiveCfg = Debug|Any CPU
		{B9E77BE8-D339-4C28-9F57-059D7A8FA297}.Debug|x86.Build.0 = Debug|Any CPU
		{B9E77BE8-D339-4C28-9F57-059D7A8FA297}.Release|Any CPU.ActiveCfg = Release|Any CPU
		{B9E77BE8-D339-4C28-9F57-059D7A8FA297}.Release|Any CPU.Build.0 = Release|Any CPU
		{B9E77BE8-D339-4C28-9F57-059D7A8FA297}.Release|x64.ActiveCfg = Release|Any CPU
		{B9E77BE8-D339-4C28-9F57-059D7A8FA297}.Release|x64.Build.0 = Release|Any CPU
		{B9E77BE8-D339-4C28-9F57-059D7A8FA297}.Release|x86.ActiveCfg = Release|Any CPU
		{B9E77BE8-D339-4C28-9F57-059D7A8FA297}.Release|x86.Build.0 = Release|Any CPU
		{382B4CA7-DA28-4E0C-B4F2-389FCCB1DFE4}.Debug|Any CPU.ActiveCfg = Debug|Any CPU
		{382B4CA7-DA28-4E0C-B4F2-389FCCB1DFE4}.Debug|Any CPU.Build.0 = Debug|Any CPU
		{382B4CA7-DA28-4E0C-B4F2-389FCCB1DFE4}.Debug|x64.ActiveCfg = Debug|Any CPU
		{382B4CA7-DA28-4E0C-B4F2-389FCCB1DFE4}.Debug|x64.Build.0 = Debug|Any CPU
		{382B4CA7-DA28-4E0C-B4F2-389FCCB1DFE4}.Debug|x86.ActiveCfg = Debug|Any CPU
		{382B4CA7-DA28-4E0C-B4F2-389FCCB1DFE4}.Debug|x86.Build.0 = Debug|Any CPU
		{382B4CA7-DA28-4E0C-B4F2-389FCCB1DFE4}.Release|Any CPU.ActiveCfg = Release|Any CPU
		{382B4CA7-DA28-4E0C-B4F2-389FCCB1DFE4}.Release|Any CPU.Build.0 = Release|Any CPU
		{382B4CA7-DA28-4E0C-B4F2-389FCCB1DFE4}.Release|x64.ActiveCfg = Release|Any CPU
		{382B4CA7-DA28-4E0C-B4F2-389FCCB1DFE4}.Release|x64.Build.0 = Release|Any CPU
		{382B4CA7-DA28-4E0C-B4F2-389FCCB1DFE4}.Release|x86.ActiveCfg = Release|Any CPU
		{382B4CA7-DA28-4E0C-B4F2-389FCCB1DFE4}.Release|x86.Build.0 = Release|Any CPU
		{3153F34D-8097-4E1D-8A85-4C48AD3BA9E2}.Debug|Any CPU.ActiveCfg = Debug|Any CPU
		{3153F34D-8097-4E1D-8A85-4C48AD3BA9E2}.Debug|Any CPU.Build.0 = Debug|Any CPU
		{3153F34D-8097-4E1D-8A85-4C48AD3BA9E2}.Debug|x64.ActiveCfg = Debug|Any CPU
		{3153F34D-8097-4E1D-8A85-4C48AD3BA9E2}.Debug|x64.Build.0 = Debug|Any CPU
		{3153F34D-8097-4E1D-8A85-4C48AD3BA9E2}.Debug|x86.ActiveCfg = Debug|Any CPU
		{3153F34D-8097-4E1D-8A85-4C48AD3BA9E2}.Debug|x86.Build.0 = Debug|Any CPU
		{3153F34D-8097-4E1D-8A85-4C48AD3BA9E2}.Release|Any CPU.ActiveCfg = Release|Any CPU
		{3153F34D-8097-4E1D-8A85-4C48AD3BA9E2}.Release|Any CPU.Build.0 = Release|Any CPU
		{3153F34D-8097-4E1D-8A85-4C48AD3BA9E2}.Release|x64.ActiveCfg = Release|Any CPU
		{3153F34D-8097-4E1D-8A85-4C48AD3BA9E2}.Release|x64.Build.0 = Release|Any CPU
		{3153F34D-8097-4E1D-8A85-4C48AD3BA9E2}.Release|x86.ActiveCfg = Release|Any CPU
		{3153F34D-8097-4E1D-8A85-4C48AD3BA9E2}.Release|x86.Build.0 = Release|Any CPU
		{4EB3BA86-9B17-4352-A7F2-C8CABBC161B1}.Debug|Any CPU.ActiveCfg = Debug|Any CPU
		{4EB3BA86-9B17-4352-A7F2-C8CABBC161B1}.Debug|Any CPU.Build.0 = Debug|Any CPU
		{4EB3BA86-9B17-4352-A7F2-C8CABBC161B1}.Debug|x64.ActiveCfg = Debug|Any CPU
		{4EB3BA86-9B17-4352-A7F2-C8CABBC161B1}.Debug|x64.Build.0 = Debug|Any CPU
		{4EB3BA86-9B17-4352-A7F2-C8CABBC161B1}.Debug|x86.ActiveCfg = Debug|Any CPU
		{4EB3BA86-9B17-4352-A7F2-C8CABBC161B1}.Debug|x86.Build.0 = Debug|Any CPU
		{4EB3BA86-9B17-4352-A7F2-C8CABBC161B1}.Release|Any CPU.ActiveCfg = Release|Any CPU
		{4EB3BA86-9B17-4352-A7F2-C8CABBC161B1}.Release|Any CPU.Build.0 = Release|Any CPU
		{4EB3BA86-9B17-4352-A7F2-C8CABBC161B1}.Release|x64.ActiveCfg = Release|Any CPU
		{4EB3BA86-9B17-4352-A7F2-C8CABBC161B1}.Release|x64.Build.0 = Release|Any CPU
		{4EB3BA86-9B17-4352-A7F2-C8CABBC161B1}.Release|x86.ActiveCfg = Release|Any CPU
		{4EB3BA86-9B17-4352-A7F2-C8CABBC161B1}.Release|x86.Build.0 = Release|Any CPU
	EndGlobalSection
	GlobalSection(SolutionProperties) = preSolution
		HideSolutionNode = FALSE
	EndGlobalSection
	GlobalSection(NestedProjects) = preSolution
		{CDE480D6-55C2-4A6F-8355-35AD938B8169} = {5D20AA90-6969-D8BD-9DCD-8634F4692FDA}
		{25C6A000-8140-45D5-8F48-93D4EF7BCD54} = {827E0CD3-B72D-47B6-A68D-7590B98EB39B}
		{19E411FE-08F9-4898-A66A-E954711D35E8} = {0AB3BF05-4346-4AA6-1389-037BE0695223}
		{3268EE72-98D3-4C66-9858-876BDD33BE2D} = {827E0CD3-B72D-47B6-A68D-7590B98EB39B}
		{F8D70E39-FC7C-4461-9CC6-E1C94D691E0B} = {0AB3BF05-4346-4AA6-1389-037BE0695223}
		{7C09B440-435E-4B0A-A857-3E3438BCC9A2} = {827E0CD3-B72D-47B6-A68D-7590B98EB39B}
		{47F5E77F-31DB-409E-82BD-06466B5981CB} = {0AB3BF05-4346-4AA6-1389-037BE0695223}
		{CEE244F2-BA1B-4BB4-AA21-E041D39D868B} = {827E0CD3-B72D-47B6-A68D-7590B98EB39B}
		{EEA44D55-D33C-4A25-9754-35DDB6D58099} = {0AB3BF05-4346-4AA6-1389-037BE0695223}
		{FD0D698B-2B89-4281-BA43-591E6DCFBE0B} = {827E0CD3-B72D-47B6-A68D-7590B98EB39B}
		{B9E77BE8-D339-4C28-9F57-059D7A8FA297} = {0AB3BF05-4346-4AA6-1389-037BE0695223}
		{382B4CA7-DA28-4E0C-B4F2-389FCCB1DFE4} = {827E0CD3-B72D-47B6-A68D-7590B98EB39B}
		{3153F34D-8097-4E1D-8A85-4C48AD3BA9E2} = {0AB3BF05-4346-4AA6-1389-037BE0695223}
		{4EB3BA86-9B17-4352-A7F2-C8CABBC161B1} = {827E0CD3-B72D-47B6-A68D-7590B98EB39B}
	EndGlobalSection
EndGlobal
